
Microsoft Visual Studio Solution File, Format Version 12.00
# Visual Studio Version 17
VisualStudioVersion = 17.4.33213.308
MinimumVisualStudioVersion = 10.0.40219.1
Project("{FAE04EC0-301F-11D3-BF4B-00C04F79EFBC}") = "W1.DirectedGraphs", "W1.DirectedGraphs.csproj", "{66886FA1-9312-4911-A4E1-43E6C17F3F6C}"
EndProject
Global
	GlobalSection(SolutionConfigurationPlatforms) = preSolution
		Debug|Any CPU = Debug|Any CPU
		Release|Any CPU = Release|Any CPU
	EndGlobalSection
	GlobalSection(ProjectConfigurationPlatforms) = postSolution
		{66886FA1-9312-4911-A4E1-43E6C17F3F6C}.Debug|Any CPU.ActiveCfg = Debug|Any CPU
		{66886FA1-9312-4911-A4E1-43E6C17F3F6C}.Debug|Any CPU.Build.0 = Debug|Any CPU
		{66886FA1-9312-4911-A4E1-43E6C17F3F6C}.Release|Any CPU.ActiveCfg = Release|Any CPU
		{66886FA1-9312-4911-A4E1-43E6C17F3F6C}.Release|Any CPU.Build.0 = Release|Any CPU
	EndGlobalSection
	GlobalSection(SolutionProperties) = preSolution
		HideSolutionNode = FALSE
	EndGlobalSection
	GlobalSection(ExtensibilityGlobals) = postSolution
		SolutionGuid = {757DCD6B-A691-4193-A81F-FA8648E47BDE}
	EndGlobalSection
EndGlobal
