
Microsoft Visual Studio Solution File, Format Version 12.00
# Visual Studio Version 17
VisualStudioVersion = 17.5.33502.453
MinimumVisualStudioVersion = 10.0.40219.1
Project("{FAE04EC0-301F-11D3-BF4B-00C04F79EFBC}") = "W5.RegularExpressions", "W5.RegularExpressions.csproj", "{9B835F97-0DD0-4640-A5FD-AA6D43086462}"
EndProject
Global
	GlobalSection(SolutionConfigurationPlatforms) = preSolution
		Debug|Any CPU = Debug|Any CPU
		Release|Any CPU = Release|Any CPU
	EndGlobalSection
	GlobalSection(ProjectConfigurationPlatforms) = postSolution
		{9B835F97-0DD0-4640-A5FD-AA6D43086462}.Debug|Any CPU.ActiveCfg = Debug|Any CPU
		{9B835F97-0DD0-4640-A5FD-AA6D43086462}.Debug|Any CPU.Build.0 = Debug|Any CPU
		{9B835F97-0DD0-4640-A5FD-AA6D43086462}.Release|Any CPU.ActiveCfg = Release|Any CPU
		{9B835F97-0DD0-4640-A5FD-AA6D43086462}.Release|Any CPU.Build.0 = Release|Any CPU
	EndGlobalSection
	GlobalSection(SolutionProperties) = preSolution
		HideSolutionNode = FALSE
	EndGlobalSection
	GlobalSection(ExtensibilityGlobals) = postSolution
		SolutionGuid = {7DB542BB-A36D-45F3-B8B0-459404BB6452}
	EndGlobalSection
EndGlobal
