
Microsoft Visual Studio Solution File, Format Version 12.00
# Visual Studio Version 17
VisualStudioVersion = 17.5.33502.453
MinimumVisualStudioVersion = 10.0.40219.1
Project("{FAE04EC0-301F-11D3-BF4B-00C04F79EFBC}") = "W4.Tries", "W4.Tries.csproj", "{B37B128A-50A5-4D2E-B95A-3FE8087C276F}"
EndProject
Global
	GlobalSection(SolutionConfigurationPlatforms) = preSolution
		Debug|Any CPU = Debug|Any CPU
		Release|Any CPU = Release|Any CPU
	EndGlobalSection
	GlobalSection(ProjectConfigurationPlatforms) = postSolution
		{B37B128A-50A5-4D2E-B95A-3FE8087C276F}.Debug|Any CPU.ActiveCfg = Debug|Any CPU
		{B37B128A-50A5-4D2E-B95A-3FE8087C276F}.Debug|Any CPU.Build.0 = Debug|Any CPU
		{B37B128A-50A5-4D2E-B95A-3FE8087C276F}.Release|Any CPU.ActiveCfg = Release|Any CPU
		{B37B128A-50A5-4D2E-B95A-3FE8087C276F}.Release|Any CPU.Build.0 = Release|Any CPU
	EndGlobalSection
	GlobalSection(SolutionProperties) = preSolution
		HideSolutionNode = FALSE
	EndGlobalSection
	GlobalSection(ExtensibilityGlobals) = postSolution
		SolutionGuid = {ADCD9A46-3DC2-4421-8504-C914515B6479}
	EndGlobalSection
EndGlobal
