
Microsoft Visual Studio Solution File, Format Version 12.00
# Visual Studio Version 17
VisualStudioVersion = 17.5.33502.453
MinimumVisualStudioVersion = 10.0.40219.1
Project("{FAE04EC0-301F-11D3-BF4B-00C04F79EFBC}") = "W5.DataCompression", "W5.DataCompression.csproj", "{D662428C-A540-4089-9680-74386B92D254}"
EndProject
Global
	GlobalSection(SolutionConfigurationPlatforms) = preSolution
		Debug|Any CPU = Debug|Any CPU
		Release|Any CPU = Release|Any CPU
	EndGlobalSection
	GlobalSection(ProjectConfigurationPlatforms) = postSolution
		{D662428C-A540-4089-9680-74386B92D254}.Debug|Any CPU.ActiveCfg = Debug|Any CPU
		{D662428C-A540-4089-9680-74386B92D254}.Debug|Any CPU.Build.0 = Debug|Any CPU
		{D662428C-A540-4089-9680-74386B92D254}.Release|Any CPU.ActiveCfg = Release|Any CPU
		{D662428C-A540-4089-9680-74386B92D254}.Release|Any CPU.Build.0 = Release|Any CPU
	EndGlobalSection
	GlobalSection(SolutionProperties) = preSolution
		HideSolutionNode = FALSE
	EndGlobalSection
	GlobalSection(ExtensibilityGlobals) = postSolution
		SolutionGuid = {A0C6F702-B078-49E2-8D24-B1CB119BABA4}
	EndGlobalSection
EndGlobal
